// !$*UTF8*$!
{
	archiveVersion = 1;
	classes = {
	};
	objectVersion = 50;
	objects = {

/* Begin PBXBuildFile section */
		59CF9D0125B0342300DBFEA7 /* Calculator_SwiftUIApp.swift in Sources */ = {isa = PBXBuildFile; fileRef = 59CF9D0025B0342300DBFEA7 /* Calculator_SwiftUIApp.swift */; };
		59CF9D0325B0342300DBFEA7 /* ContentView.swift in Sources */ = {isa = PBXBuildFile; fileRef = 59CF9D0225B0342300DBFEA7 /* ContentView.swift */; };
		59CF9D0525B0342500DBFEA7 /* Assets.xcassets in Resources */ = {isa = PBXBuildFile; fileRef = 59CF9D0425B0342500DBFEA7 /* Assets.xcassets */; };
		59CF9D0825B0342500DBFEA7 /* Preview Assets.xcassets in Resources */ = {isa = PBXBuildFile; fileRef = 59CF9D0725B0342500DBFEA7 /* Preview Assets.xcassets */; };
		59CF9D1325B0342500DBFEA7 /* Calculator_SwiftUITests.swift in Sources */ = {isa = PBXBuildFile; fileRef = 59CF9D1225B0342500DBFEA7 /* Calculator_SwiftUITests.swift */; };
		59CF9D1E25B0342500DBFEA7 /* Calculator_SwiftUIUITests.swift in Sources */ = {isa = PBXBuildFile; fileRef = 59CF9D1D25B0342500DBFEA7 /* Calculator_SwiftUIUITests.swift */; };
		D860E31325C58E7900BA9980 /* CalculatorSteps.swift in Sources */ = {isa = PBXBuildFile; fileRef = D860E2F925C58D3500BA9980 /* CalculatorSteps.swift */; };
		D860E31A25C58E7D00BA9980 /* CalculatorScreen.swift in Sources */ = {isa = PBXBuildFile; fileRef = D860E2F125C5879200BA9980 /* CalculatorScreen.swift */; };
		D860E32125C58E8100BA9980 /* BaseClass.swift in Sources */ = {isa = PBXBuildFile; fileRef = D860E2E925C5865E00BA9980 /* BaseClass.swift */; };
/* End PBXBuildFile section */

/* Begin PBXContainerItemProxy section */
		59CF9D0F25B0342500DBFEA7 /* PBXContainerItemProxy */ = {
			isa = PBXContainerItemProxy;
			containerPortal = 59CF9CF525B0342300DBFEA7 /* Project object */;
			proxyType = 1;
			remoteGlobalIDString = 59CF9CFC25B0342300DBFEA7;
			remoteInfo = "Calculator SwiftUI";
		};
		59CF9D1A25B0342500DBFEA7 /* PBXContainerItemProxy */ = {
			isa = PBXContainerItemProxy;
			containerPortal = 59CF9CF525B0342300DBFEA7 /* Project object */;
			proxyType = 1;
			remoteGlobalIDString = 59CF9CFC25B0342300DBFEA7;
			remoteInfo = "Calculator SwiftUI";
		};
/* End PBXContainerItemProxy section */

/* Begin PBXFileReference section */
		59CF9CFD25B0342300DBFEA7 /* Calculator SwiftUI.app */ = {isa = PBXFileReference; explicitFileType = wrapper.application; includeInIndex = 0; path = "Calculator SwiftUI.app"; sourceTree = BUILT_PRODUCTS_DIR; };
		59CF9D0025B0342300DBFEA7 /* Calculator_SwiftUIApp.swift */ = {isa = PBXFileReference; lastKnownFileType = sourcecode.swift; path = Calculator_SwiftUIApp.swift; sourceTree = "<group>"; };
		59CF9D0225B0342300DBFEA7 /* ContentView.swift */ = {isa = PBXFileReference; lastKnownFileType = sourcecode.swift; path = ContentView.swift; sourceTree = "<group>"; };
		59CF9D0425B0342500DBFEA7 /* Assets.xcassets */ = {isa = PBXFileReference; lastKnownFileType = folder.assetcatalog; path = Assets.xcassets; sourceTree = "<group>"; };
		59CF9D0725B0342500DBFEA7 /* Preview Assets.xcassets */ = {isa = PBXFileReference; lastKnownFileType = folder.assetcatalog; path = "Preview Assets.xcassets"; sourceTree = "<group>"; };
		59CF9D0925B0342500DBFEA7 /* Info.plist */ = {isa = PBXFileReference; lastKnownFileType = text.plist.xml; path = Info.plist; sourceTree = "<group>"; };
		59CF9D0E25B0342500DBFEA7 /* Calculator SwiftUITests.xctest */ = {isa = PBXFileReference; explicitFileType = wrapper.cfbundle; includeInIndex = 0; path = "Calculator SwiftUITests.xctest"; sourceTree = BUILT_PRODUCTS_DIR; };
		59CF9D1225B0342500DBFEA7 /* Calculator_SwiftUITests.swift */ = {isa = PBXFileReference; lastKnownFileType = sourcecode.swift; path = Calculator_SwiftUITests.swift; sourceTree = "<group>"; };
		59CF9D1425B0342500DBFEA7 /* Info.plist */ = {isa = PBXFileReference; lastKnownFileType = text.plist.xml; path = Info.plist; sourceTree = "<group>"; };
		59CF9D1925B0342500DBFEA7 /* Calculator SwiftUIUITests.xctest */ = {isa = PBXFileReference; explicitFileType = wrapper.cfbundle; includeInIndex = 0; path = "Calculator SwiftUIUITests.xctest"; sourceTree = BUILT_PRODUCTS_DIR; };
		59CF9D1D25B0342500DBFEA7 /* Calculator_SwiftUIUITests.swift */ = {isa = PBXFileReference; lastKnownFileType = sourcecode.swift; path = Calculator_SwiftUIUITests.swift; sourceTree = "<group>"; };
		59CF9D1F25B0342500DBFEA7 /* Info.plist */ = {isa = PBXFileReference; lastKnownFileType = text.plist.xml; path = Info.plist; sourceTree = "<group>"; };
		D860E2E925C5865E00BA9980 /* BaseClass.swift */ = {isa = PBXFileReference; lastKnownFileType = sourcecode.swift; path = BaseClass.swift; sourceTree = "<group>"; };
		D860E2F125C5879200BA9980 /* CalculatorScreen.swift */ = {isa = PBXFileReference; lastKnownFileType = sourcecode.swift; path = CalculatorScreen.swift; sourceTree = "<group>"; };
		D860E2F925C58D3500BA9980 /* CalculatorSteps.swift */ = {isa = PBXFileReference; lastKnownFileType = sourcecode.swift; path = CalculatorSteps.swift; sourceTree = "<group>"; };
/* End PBXFileReference section */

/* Begin PBXFrameworksBuildPhase section */
		59CF9CFA25B0342300DBFEA7 /* Frameworks */ = {
			isa = PBXFrameworksBuildPhase;
			buildActionMask = 2147483647;
			files = (
			);
			runOnlyForDeploymentPostprocessing = 0;
		};
		59CF9D0B25B0342500DBFEA7 /* Frameworks */ = {
			isa = PBXFrameworksBuildPhase;
			buildActionMask = 2147483647;
			files = (
			);
			runOnlyForDeploymentPostprocessing = 0;
		};
		59CF9D1625B0342500DBFEA7 /* Frameworks */ = {
			isa = PBXFrameworksBuildPhase;
			buildActionMask = 2147483647;
			files = (
			);
			runOnlyForDeploymentPostprocessing = 0;
		};
/* End PBXFrameworksBuildPhase section */

/* Begin PBXGroup section */
		59CF9CF425B0342300DBFEA7 = {
			isa = PBXGroup;
			children = (
				59CF9CFF25B0342300DBFEA7 /* Calculator SwiftUI */,
				59CF9D1125B0342500DBFEA7 /* Calculator SwiftUITests */,
				59CF9D1C25B0342500DBFEA7 /* Calculator SwiftUIUITests */,
				59CF9CFE25B0342300DBFEA7 /* Products */,
			);
			sourceTree = "<group>";
		};
		59CF9CFE25B0342300DBFEA7 /* Products */ = {
			isa = PBXGroup;
			children = (
				59CF9CFD25B0342300DBFEA7 /* Calculator SwiftUI.app */,
				59CF9D0E25B0342500DBFEA7 /* Calculator SwiftUITests.xctest */,
				59CF9D1925B0342500DBFEA7 /* Calculator SwiftUIUITests.xctest */,
			);
			name = Products;
			sourceTree = "<group>";
		};
		59CF9CFF25B0342300DBFEA7 /* Calculator SwiftUI */ = {
			isa = PBXGroup;
			children = (
				59CF9D0025B0342300DBFEA7 /* Calculator_SwiftUIApp.swift */,
				59CF9D0225B0342300DBFEA7 /* ContentView.swift */,
				59CF9D0425B0342500DBFEA7 /* Assets.xcassets */,
				59CF9D0925B0342500DBFEA7 /* Info.plist */,
				59CF9D0625B0342500DBFEA7 /* Preview Content */,
			);
			path = "Calculator SwiftUI";
			sourceTree = "<group>";
		};
		59CF9D0625B0342500DBFEA7 /* Preview Content */ = {
			isa = PBXGroup;
			children = (
				59CF9D0725B0342500DBFEA7 /* Preview Assets.xcassets */,
			);
			path = "Preview Content";
			sourceTree = "<group>";
		};
		59CF9D1125B0342500DBFEA7 /* Calculator SwiftUITests */ = {
			isa = PBXGroup;
			children = (
				59CF9D1225B0342500DBFEA7 /* Calculator_SwiftUITests.swift */,
				59CF9D1425B0342500DBFEA7 /* Info.plist */,
			);
			path = "Calculator SwiftUITests";
			sourceTree = "<group>";
		};
		59CF9D1C25B0342500DBFEA7 /* Calculator SwiftUIUITests */ = {
			isa = PBXGroup;
			children = (
				59CF9D1F25B0342500DBFEA7 /* Info.plist */,
				D860E2E525C585FC00BA9980 /* base */,
				D860E2E625C5861200BA9980 /* elements */,
				D860E2E725C5862000BA9980 /* steps */,
				D860E2E825C5862600BA9980 /* tests */,
			);
			path = "Calculator SwiftUIUITests";
			sourceTree = "<group>";
		};
		D860E2E525C585FC00BA9980 /* base */ = {
			isa = PBXGroup;
			children = (
				D860E2E925C5865E00BA9980 /* BaseClass.swift */,
			);
			path = base;
			sourceTree = "<group>";
		};
		D860E2E625C5861200BA9980 /* elements */ = {
			isa = PBXGroup;
			children = (
				D860E2F125C5879200BA9980 /* CalculatorScreen.swift */,
			);
			path = elements;
			sourceTree = "<group>";
		};
		D860E2E725C5862000BA9980 /* steps */ = {
			isa = PBXGroup;
			children = (
				D860E2F925C58D3500BA9980 /* CalculatorSteps.swift */,
			);
			path = steps;
			sourceTree = "<group>";
		};
		D860E2E825C5862600BA9980 /* tests */ = {
			isa = PBXGroup;
			children = (
				59CF9D1D25B0342500DBFEA7 /* Calculator_SwiftUIUITests.swift */,
			);
			path = tests;
			sourceTree = "<group>";
		};
/* End PBXGroup section */

/* Begin PBXNativeTarget section */
		59CF9CFC25B0342300DBFEA7 /* Calculator SwiftUI */ = {
			isa = PBXNativeTarget;
			buildConfigurationList = 59CF9D2225B0342500DBFEA7 /* Build configuration list for PBXNativeTarget "Calculator SwiftUI" */;
			buildPhases = (
				59CF9CF925B0342300DBFEA7 /* Sources */,
				59CF9CFA25B0342300DBFEA7 /* Frameworks */,
				59CF9CFB25B0342300DBFEA7 /* Resources */,
			);
			buildRules = (
			);
			dependencies = (
			);
			name = "Calculator SwiftUI";
			productName = "Calculator SwiftUI";
			productReference = 59CF9CFD25B0342300DBFEA7 /* Calculator SwiftUI.app */;
			productType = "com.apple.product-type.application";
		};
		59CF9D0D25B0342500DBFEA7 /* Calculator SwiftUITests */ = {
			isa = PBXNativeTarget;
			buildConfigurationList = 59CF9D2525B0342500DBFEA7 /* Build configuration list for PBXNativeTarget "Calculator SwiftUITests" */;
			buildPhases = (
				59CF9D0A25B0342500DBFEA7 /* Sources */,
				59CF9D0B25B0342500DBFEA7 /* Frameworks */,
				59CF9D0C25B0342500DBFEA7 /* Resources */,
			);
			buildRules = (
			);
			dependencies = (
				59CF9D1025B0342500DBFEA7 /* PBXTargetDependency */,
			);
			name = "Calculator SwiftUITests";
			productName = "Calculator SwiftUITests";
			productReference = 59CF9D0E25B0342500DBFEA7 /* Calculator SwiftUITests.xctest */;
			productType = "com.apple.product-type.bundle.unit-test";
		};
		59CF9D1825B0342500DBFEA7 /* Calculator SwiftUIUITests */ = {
			isa = PBXNativeTarget;
			buildConfigurationList = 59CF9D2825B0342500DBFEA7 /* Build configuration list for PBXNativeTarget "Calculator SwiftUIUITests" */;
			buildPhases = (
				59CF9D1525B0342500DBFEA7 /* Sources */,
				59CF9D1625B0342500DBFEA7 /* Frameworks */,
				59CF9D1725B0342500DBFEA7 /* Resources */,
			);
			buildRules = (
			);
			dependencies = (
				59CF9D1B25B0342500DBFEA7 /* PBXTargetDependency */,
			);
			name = "Calculator SwiftUIUITests";
			productName = "Calculator SwiftUIUITests";
			productReference = 59CF9D1925B0342500DBFEA7 /* Calculator SwiftUIUITests.xctest */;
			productType = "com.apple.product-type.bundle.ui-testing";
		};
/* End PBXNativeTarget section */

/* Begin PBXProject section */
		59CF9CF525B0342300DBFEA7 /* Project object */ = {
			isa = PBXProject;
			attributes = {
				LastSwiftUpdateCheck = 1210;
				LastUpgradeCheck = 1210;
				TargetAttributes = {
					59CF9CFC25B0342300DBFEA7 = {
						CreatedOnToolsVersion = 12.1;
					};
					59CF9D0D25B0342500DBFEA7 = {
						CreatedOnToolsVersion = 12.1;
						TestTargetID = 59CF9CFC25B0342300DBFEA7;
					};
					59CF9D1825B0342500DBFEA7 = {
						CreatedOnToolsVersion = 12.1;
						TestTargetID = 59CF9CFC25B0342300DBFEA7;
					};
				};
			};
			buildConfigurationList = 59CF9CF825B0342300DBFEA7 /* Build configuration list for PBXProject "Calculator SwiftUI" */;
			compatibilityVersion = "Xcode 9.3";
			developmentRegion = en;
			hasScannedForEncodings = 0;
			knownRegions = (
				en,
				Base,
			);
			mainGroup = 59CF9CF425B0342300DBFEA7;
			productRefGroup = 59CF9CFE25B0342300DBFEA7 /* Products */;
			projectDirPath = "";
			projectRoot = "";
			targets = (
				59CF9CFC25B0342300DBFEA7 /* Calculator SwiftUI */,
				59CF9D0D25B0342500DBFEA7 /* Calculator SwiftUITests */,
				59CF9D1825B0342500DBFEA7 /* Calculator SwiftUIUITests */,
			);
		};
/* End PBXProject section */

/* Begin PBXResourcesBuildPhase section */
		59CF9CFB25B0342300DBFEA7 /* Resources */ = {
			isa = PBXResourcesBuildPhase;
			buildActionMask = 2147483647;
			files = (
				59CF9D0825B0342500DBFEA7 /* Preview Assets.xcassets in Resources */,
				59CF9D0525B0342500DBFEA7 /* Assets.xcassets in Resources */,
			);
			runOnlyForDeploymentPostprocessing = 0;
		};
		59CF9D0C25B0342500DBFEA7 /* Resources */ = {
			isa = PBXResourcesBuildPhase;
			buildActionMask = 2147483647;
			files = (
			);
			runOnlyForDeploymentPostprocessing = 0;
		};
		59CF9D1725B0342500DBFEA7 /* Resources */ = {
			isa = PBXResourcesBuildPhase;
			buildActionMask = 2147483647;
			files = (
			);
			runOnlyForDeploymentPostprocessing = 0;
		};
/* End PBXResourcesBuildPhase section */

/* Begin PBXSourcesBuildPhase section */
		59CF9CF925B0342300DBFEA7 /* Sources */ = {
			isa = PBXSourcesBuildPhase;
			buildActionMask = 2147483647;
			files = (
				59CF9D0325B0342300DBFEA7 /* ContentView.swift in Sources */,
				59CF9D0125B0342300DBFEA7 /* Calculator_SwiftUIApp.swift in Sources */,
			);
			runOnlyForDeploymentPostprocessing = 0;
		};
		59CF9D0A25B0342500DBFEA7 /* Sources */ = {
			isa = PBXSourcesBuildPhase;
			buildActionMask = 2147483647;
			files = (
				59CF9D1325B0342500DBFEA7 /* Calculator_SwiftUITests.swift in Sources */,
			);
			runOnlyForDeploymentPostprocessing = 0;
		};
		59CF9D1525B0342500DBFEA7 /* Sources */ = {
			isa = PBXSourcesBuildPhase;
			buildActionMask = 2147483647;
			files = (
				59CF9D1E25B0342500DBFEA7 /* Calculator_SwiftUIUITests.swift in Sources */,
				D860E31325C58E7900BA9980 /* CalculatorSteps.swift in Sources */,
				D860E31A25C58E7D00BA9980 /* CalculatorScreen.swift in Sources */,
				D860E32125C58E8100BA9980 /* BaseClass.swift in Sources */,
			);
			runOnlyForDeploymentPostprocessing = 0;
		};
/* End PBXSourcesBuildPhase section */

/* Begin PBXTargetDependency section */
		59CF9D1025B0342500DBFEA7 /* PBXTargetDependency */ = {
			isa = PBXTargetDependency;
			target = 59CF9CFC25B0342300DBFEA7 /* Calculator SwiftUI */;
			targetProxy = 59CF9D0F25B0342500DBFEA7 /* PBXContainerItemProxy */;
		};
		59CF9D1B25B0342500DBFEA7 /* PBXTargetDependency */ = {
			isa = PBXTargetDependency;
			target = 59CF9CFC25B0342300DBFEA7 /* Calculator SwiftUI */;
			targetProxy = 59CF9D1A25B0342500DBFEA7 /* PBXContainerItemProxy */;
		};
/* End PBXTargetDependency section */

/* Begin XCBuildConfiguration section */
		59CF9D2025B0342500DBFEA7 /* Debug */ = {
			isa = XCBuildConfiguration;
			buildSettings = {
				ALWAYS_SEARCH_USER_PATHS = NO;
				CLANG_ANALYZER_NONNULL = YES;
				CLANG_ANALYZER_NUMBER_OBJECT_CONVERSION = YES_AGGRESSIVE;
				CLANG_CXX_LANGUAGE_STANDARD = "gnu++14";
				CLANG_CXX_LIBRARY = "libc++";
				CLANG_ENABLE_MODULES = YES;
				CLANG_ENABLE_OBJC_ARC = YES;
				CLANG_ENABLE_OBJC_WEAK = YES;
				CLANG_WARN_BLOCK_CAPTURE_AUTORELEASING = YES;
				CLANG_WARN_BOOL_CONVERSION = YES;
				CLANG_WARN_COMMA = YES;
				CLANG_WARN_CONSTANT_CONVERSION = YES;
				CLANG_WARN_DEPRECATED_OBJC_IMPLEMENTATIONS = YES;
				CLANG_WARN_DIRECT_OBJC_ISA_USAGE = YES_ERROR;
				CLANG_WARN_DOCUMENTATION_COMMENTS = YES;
				CLANG_WARN_EMPTY_BODY = YES;
				CLANG_WARN_ENUM_CONVERSION = YES;
				CLANG_WARN_INFINITE_RECURSION = YES;
				CLANG_WARN_INT_CONVERSION = YES;
				CLANG_WARN_NON_LITERAL_NULL_CONVERSION = YES;
				CLANG_WARN_OBJC_IMPLICIT_RETAIN_SELF = YES;
				CLANG_WARN_OBJC_LITERAL_CONVERSION = YES;
				CLANG_WARN_OBJC_ROOT_CLASS = YES_ERROR;
				CLANG_WARN_QUOTED_INCLUDE_IN_FRAMEWORK_HEADER = YES;
				CLANG_WARN_RANGE_LOOP_ANALYSIS = YES;
				CLANG_WARN_STRICT_PROTOTYPES = YES;
				CLANG_WARN_SUSPICIOUS_MOVE = YES;
				CLANG_WARN_UNGUARDED_AVAILABILITY = YES_AGGRESSIVE;
				CLANG_WARN_UNREACHABLE_CODE = YES;
				CLANG_WARN__DUPLICATE_METHOD_MATCH = YES;
				COPY_PHASE_STRIP = NO;
				DEBUG_INFORMATION_FORMAT = dwarf;
				ENABLE_STRICT_OBJC_MSGSEND = YES;
				ENABLE_TESTABILITY = YES;
				GCC_C_LANGUAGE_STANDARD = gnu11;
				GCC_DYNAMIC_NO_PIC = NO;
				GCC_NO_COMMON_BLOCKS = YES;
				GCC_OPTIMIZATION_LEVEL = 0;
				GCC_PREPROCESSOR_DEFINITIONS = (
					"DEBUG=1",
					"$(inherited)",
				);
				GCC_WARN_64_TO_32_BIT_CONVERSION = YES;
				GCC_WARN_ABOUT_RETURN_TYPE = YES_ERROR;
				GCC_WARN_UNDECLARED_SELECTOR = YES;
				GCC_WARN_UNINITIALIZED_AUTOS = YES_AGGRESSIVE;
				GCC_WARN_UNUSED_FUNCTION = YES;
				GCC_WARN_UNUSED_VARIABLE = YES;
				IPHONEOS_DEPLOYMENT_TARGET = 14.1;
				MTL_ENABLE_DEBUG_INFO = INCLUDE_SOURCE;
				MTL_FAST_MATH = YES;
				ONLY_ACTIVE_ARCH = YES;
				SDKROOT = iphoneos;
				SWIFT_ACTIVE_COMPILATION_CONDITIONS = DEBUG;
				SWIFT_OPTIMIZATION_LEVEL = "-Onone";
			};
			name = Debug;
		};
		59CF9D2125B0342500DBFEA7 /* Release */ = {
			isa = XCBuildConfiguration;
			buildSettings = {
				ALWAYS_SEARCH_USER_PATHS = NO;
				CLANG_ANALYZER_NONNULL = YES;
				CLANG_ANALYZER_NUMBER_OBJECT_CONVERSION = YES_AGGRESSIVE;
				CLANG_CXX_LANGUAGE_STANDARD = "gnu++14";
				CLANG_CXX_LIBRARY = "libc++";
				CLANG_ENABLE_MODULES = YES;
				CLANG_ENABLE_OBJC_ARC = YES;
				CLANG_ENABLE_OBJC_WEAK = YES;
				CLANG_WARN_BLOCK_CAPTURE_AUTORELEASING = YES;
				CLANG_WARN_BOOL_CONVERSION = YES;
				CLANG_WARN_COMMA = YES;
				CLANG_WARN_CONSTANT_CONVERSION = YES;
				CLANG_WARN_DEPRECATED_OBJC_IMPLEMENTATIONS = YES;
				CLANG_WARN_DIRECT_OBJC_ISA_USAGE = YES_ERROR;
				CLANG_WARN_DOCUMENTATION_COMMENTS = YES;
				CLANG_WARN_EMPTY_BODY = YES;
				CLANG_WARN_ENUM_CONVERSION = YES;
				CLANG_WARN_INFINITE_RECURSION = YES;
				CLANG_WARN_INT_CONVERSION = YES;
				CLANG_WARN_NON_LITERAL_NULL_CONVERSION = YES;
				CLANG_WARN_OBJC_IMPLICIT_RETAIN_SELF = YES;
				CLANG_WARN_OBJC_LITERAL_CONVERSION = YES;
				CLANG_WARN_OBJC_ROOT_CLASS = YES_ERROR;
				CLANG_WARN_QUOTED_INCLUDE_IN_FRAMEWORK_HEADER = YES;
				CLANG_WARN_RANGE_LOOP_ANALYSIS = YES;
				CLANG_WARN_STRICT_PROTOTYPES = YES;
				CLANG_WARN_SUSPICIOUS_MOVE = YES;
				CLANG_WARN_UNGUARDED_AVAILABILITY = YES_AGGRESSIVE;
				CLANG_WARN_UNREACHABLE_CODE = YES;
				CLANG_WARN__DUPLICATE_METHOD_MATCH = YES;
				COPY_PHASE_STRIP = NO;
				DEBUG_INFORMATION_FORMAT = "dwarf-with-dsym";
				ENABLE_NS_ASSERTIONS = NO;
				ENABLE_STRICT_OBJC_MSGSEND = YES;
				GCC_C_LANGUAGE_STANDARD = gnu11;
				GCC_NO_COMMON_BLOCKS = YES;
				GCC_WARN_64_TO_32_BIT_CONVERSION = YES;
				GCC_WARN_ABOUT_RETURN_TYPE = YES_ERROR;
				GCC_WARN_UNDECLARED_SELECTOR = YES;
				GCC_WARN_UNINITIALIZED_AUTOS = YES_AGGRESSIVE;
				GCC_WARN_UNUSED_FUNCTION = YES;
				GCC_WARN_UNUSED_VARIABLE = YES;
				IPHONEOS_DEPLOYMENT_TARGET = 14.1;
				MTL_ENABLE_DEBUG_INFO = NO;
				MTL_FAST_MATH = YES;
				SDKROOT = iphoneos;
				SWIFT_COMPILATION_MODE = wholemodule;
				SWIFT_OPTIMIZATION_LEVEL = "-O";
				VALIDATE_PRODUCT = YES;
			};
			name = Release;
		};
		59CF9D2325B0342500DBFEA7 /* Debug */ = {
			isa = XCBuildConfiguration;
			buildSettings = {
				ASSETCATALOG_COMPILER_APPICON_NAME = AppIcon;
				ASSETCATALOG_COMPILER_GLOBAL_ACCENT_COLOR_NAME = AccentColor;
				CODE_SIGN_STYLE = Automatic;
				DEVELOPMENT_ASSET_PATHS = "\"Calculator SwiftUI/Preview Content\"";
				DEVELOPMENT_TEAM = 4YXNB8TGT4;
				ENABLE_PREVIEWS = YES;
				INFOPLIST_FILE = "Calculator SwiftUI/Info.plist";
				IPHONEOS_DEPLOYMENT_TARGET = 14.0;
				LD_RUNPATH_SEARCH_PATHS = (
					"$(inherited)",
					"@executable_path/Frameworks",
				);
				PRODUCT_BUNDLE_IDENTIFIER = "Tigerspike.Calculator-SwiftUI";
				PRODUCT_NAME = "$(TARGET_NAME)";
				SWIFT_VERSION = 5.0;
				TARGETED_DEVICE_FAMILY = "1,2";
			};
			name = Debug;
		};
		59CF9D2425B0342500DBFEA7 /* Release */ = {
			isa = XCBuildConfiguration;
			buildSettings = {
				ASSETCATALOG_COMPILER_APPICON_NAME = AppIcon;
				ASSETCATALOG_COMPILER_GLOBAL_ACCENT_COLOR_NAME = AccentColor;
				CODE_SIGN_STYLE = Automatic;
				DEVELOPMENT_ASSET_PATHS = "\"Calculator SwiftUI/Preview Content\"";
				DEVELOPMENT_TEAM = 4YXNB8TGT4;
				ENABLE_PREVIEWS = YES;
				INFOPLIST_FILE = "Calculator SwiftUI/Info.plist";
				IPHONEOS_DEPLOYMENT_TARGET = 14.0;
				LD_RUNPATH_SEARCH_PATHS = (
					"$(inherited)",
					"@executable_path/Frameworks",
				);
				PRODUCT_BUNDLE_IDENTIFIER = "Tigerspike.Calculator-SwiftUI";
				PRODUCT_NAME = "$(TARGET_NAME)";
				SWIFT_VERSION = 5.0;
				TARGETED_DEVICE_FAMILY = "1,2";
			};
			name = Release;
		};
		59CF9D2625B0342500DBFEA7 /* Debug */ = {
			isa = XCBuildConfiguration;
			buildSettings = {
				ALWAYS_EMBED_SWIFT_STANDARD_LIBRARIES = YES;
				BUNDLE_LOADER = "$(TEST_HOST)";
				CODE_SIGN_STYLE = Automatic;
				DEVELOPMENT_TEAM = 4YXNB8TGT4;
				INFOPLIST_FILE = "Calculator SwiftUITests/Info.plist";
				IPHONEOS_DEPLOYMENT_TARGET = 14.0;
				LD_RUNPATH_SEARCH_PATHS = (
					"$(inherited)",
					"@executable_path/Frameworks",
					"@loader_path/Frameworks",
				);
				PRODUCT_BUNDLE_IDENTIFIER = "Tigerspike.Calculator-SwiftUITests";
				PRODUCT_NAME = "$(TARGET_NAME)";
				SWIFT_VERSION = 5.0;
				TARGETED_DEVICE_FAMILY = "1,2";
				TEST_HOST = "$(BUILT_PRODUCTS_DIR)/Calculator SwiftUI.app/Calculator SwiftUI";
			};
			name = Debug;
		};
		59CF9D2725B0342500DBFEA7 /* Release */ = {
			isa = XCBuildConfiguration;
			buildSettings = {
				ALWAYS_EMBED_SWIFT_STANDARD_LIBRARIES = YES;
				BUNDLE_LOADER = "$(TEST_HOST)";
				CODE_SIGN_STYLE = Automatic;
				DEVELOPMENT_TEAM = 4YXNB8TGT4;
				INFOPLIST_FILE = "Calculator SwiftUITests/Info.plist";
				IPHONEOS_DEPLOYMENT_TARGET = 14.0;
				LD_RUNPATH_SEARCH_PATHS = (
					"$(inherited)",
					"@executable_path/Frameworks",
					"@loader_path/Frameworks",
				);
				PRODUCT_BUNDLE_IDENTIFIER = "Tigerspike.Calculator-SwiftUITests";
				PRODUCT_NAME = "$(TARGET_NAME)";
				SWIFT_VERSION = 5.0;
				TARGETED_DEVICE_FAMILY = "1,2";
				TEST_HOST = "$(BUILT_PRODUCTS_DIR)/Calculator SwiftUI.app/Calculator SwiftUI";
			};
			name = Release;
		};
		59CF9D2925B0342500DBFEA7 /* Debug */ = {
			isa = XCBuildConfiguration;
			buildSettings = {
				ALWAYS_EMBED_SWIFT_STANDARD_LIBRARIES = YES;
				CODE_SIGN_STYLE = Automatic;
				DEVELOPMENT_TEAM = 4YXNB8TGT4;
				INFOPLIST_FILE = "Calculator SwiftUIUITests/Info.plist";
				LD_RUNPATH_SEARCH_PATHS = (
					"$(inherited)",
					"@executable_path/Frameworks",
					"@loader_path/Frameworks",
				);
				PRODUCT_BUNDLE_IDENTIFIER = "Tigerspike.Calculator-SwiftUIUITests";
				PRODUCT_NAME = "$(TARGET_NAME)";
				SWIFT_VERSION = 5.0;
				TARGETED_DEVICE_FAMILY = "1,2";
				TEST_TARGET_NAME = "Calculator SwiftUI";
			};
			name = Debug;
		};
		59CF9D2A25B0342500DBFEA7 /* Release */ = {
			isa = XCBuildConfiguration;
			buildSettings = {
				ALWAYS_EMBED_SWIFT_STANDARD_LIBRARIES = YES;
				CODE_SIGN_STYLE = Automatic;
				DEVELOPMENT_TEAM = 4YXNB8TGT4;
				INFOPLIST_FILE = "Calculator SwiftUIUITests/Info.plist";
				LD_RUNPATH_SEARCH_PATHS = (
					"$(inherited)",
					"@executable_path/Frameworks",
					"@loader_path/Frameworks",
				);
				PRODUCT_BUNDLE_IDENTIFIER = "Tigerspike.Calculator-SwiftUIUITests";
				PRODUCT_NAME = "$(TARGET_NAME)";
				SWIFT_VERSION = 5.0;
				TARGETED_DEVICE_FAMILY = "1,2";
				TEST_TARGET_NAME = "Calculator SwiftUI";
			};
			name = Release;
		};
/* End XCBuildConfiguration section */

/* Begin XCConfigurationList section */
		59CF9CF825B0342300DBFEA7 /* Build configuration list for PBXProject "Calculator SwiftUI" */ = {
			isa = XCConfigurationList;
			buildConfigurations = (
				59CF9D2025B0342500DBFEA7 /* Debug */,
				59CF9D2125B0342500DBFEA7 /* Release */,
			);
			defaultConfigurationIsVisible = 0;
			defaultConfigurationName = Release;
		};
		59CF9D2225B0342500DBFEA7 /* Build configuration list for PBXNativeTarget "Calculator SwiftUI" */ = {
			isa = XCConfigurationList;
			buildConfigurations = (
				59CF9D2325B0342500DBFEA7 /* Debug */,
				59CF9D2425B0342500DBFEA7 /* Release */,
			);
			defaultConfigurationIsVisible = 0;
			defaultConfigurationName = Release;
		};
		59CF9D2525B0342500DBFEA7 /* Build configuration list for PBXNativeTarget "Calculator SwiftUITests" */ = {
			isa = XCConfigurationList;
			buildConfigurations = (
				59CF9D2625B0342500DBFEA7 /* Debug */,
				59CF9D2725B0342500DBFEA7 /* Release */,
			);
			defaultConfigurationIsVisible = 0;
			defaultConfigurationName = Release;
		};
		59CF9D2825B0342500DBFEA7 /* Build configuration list for PBXNativeTarget "Calculator SwiftUIUITests" */ = {
			isa = XCConfigurationList;
			buildConfigurations = (
				59CF9D2925B0342500DBFEA7 /* Debug */,
				59CF9D2A25B0342500DBFEA7 /* Release */,
			);
			defaultConfigurationIsVisible = 0;
			defaultConfigurationName = Release;
		};
/* End XCConfigurationList section */
	};
	rootObject = 59CF9CF525B0342300DBFEA7 /* Project object */;
}
